
Microsoft Visual Studio Solution File, Format Version 12.00
# Visual Studio Version 17
VisualStudioVersion = 17.4.33213.308
MinimumVisualStudioVersion = 10.0.40219.1
Project("{FAE04EC0-301F-11D3-BF4B-00C04F79EFBC}") = "Livperiodesystemet", "Livperiodesystemet\Livperiodesystemet.csproj", "{DBE400EE-F8EB-487B-ABE1-C7A170CD7918}"
EndProject
Global
	GlobalSection(SolutionConfigurationPlatforms) = preSolution
		Debug|Any CPU = Debug|Any CPU
		Release|Any CPU = Release|Any CPU
	EndGlobalSection
	GlobalSection(ProjectConfigurationPlatforms) = postSolution
		{DBE400EE-F8EB-487B-ABE1-C7A170CD7918}.Debug|Any CPU.ActiveCfg = Debug|Any CPU
		{DBE400EE-F8EB-487B-ABE1-C7A170CD7918}.Debug|Any CPU.Build.0 = Debug|Any CPU
		{DBE400EE-F8EB-487B-ABE1-C7A170CD7918}.Release|Any CPU.ActiveCfg = Release|Any CPU
		{DBE400EE-F8EB-487B-ABE1-C7A170CD7918}.Release|Any CPU.Build.0 = Release|Any CPU
	EndGlobalSection
	GlobalSection(SolutionProperties) = preSolution
		HideSolutionNode = FALSE
	EndGlobalSection
	GlobalSection(ExtensibilityGlobals) = postSolution
		SolutionGuid = {557A5D5F-5BF2-4460-87AC-3B368BFFA0FD}
	EndGlobalSection
EndGlobal
